{
    "_meta": {
        "hash": {
            "sha256": "7081f6067a7c693d21e266dfe88f375defb53aada57b2498ecb70b2f5d3f4c06"
        },
        "pipfile-spec": 6,
        "requires": {
            "python_version": "3.7"
        },
        "sources": [
            {
                "name": "pypi",
                "url": "https://pypi.org/simple",
                "verify_ssl": true
            }
        ]
    },
    "default": {
        "perfbot": {
            "editable": true,
            "path": "."
        }
    },
    "develop": {}
}
